
Microsoft Visual Studio Solution File, Format Version 12.00
# Visual Studio Version 16
VisualStudioVersion = 16.0.30907.101
MinimumVisualStudioVersion = 10.0.40219.1
Project("{9A19103F-16F7-4668-BE54-9A1E7A4F7556}") = "KampIntro", "KampIntro\KampIntro.csproj", "{F523DD8E-1DC7-402D-B44C-A05E262D97A3}"
EndProject
Project("{9A19103F-16F7-4668-BE54-9A1E7A4F7556}") = "Donguler", "Donguler\Donguler.csproj", "{0021047B-B6CB-45E1-BD74-5DD020C42061}"
EndProject
Project("{9A19103F-16F7-4668-BE54-9A1E7A4F7556}") = "ClassIntro", "ClassIntro\ClassIntro.csproj", "{635BE4A2-4A1E-41DC-A981-6C575736C49E}"
EndProject
Project("{9A19103F-16F7-4668-BE54-9A1E7A4F7556}") = "Metotlar", "Metotlar\Metotlar.csproj", "{748B97DC-BE28-4662-BDF4-19905CA94BFD}"
EndProject
Project("{9A19103F-16F7-4668-BE54-9A1E7A4F7556}") = "Matematik", "Matematik\Matematik.csproj", "{3D049960-8A08-476F-9814-62667ACC1864}"
EndProject
Project("{9A19103F-16F7-4668-BE54-9A1E7A4F7556}") = "DegerVeReferansTipler", "DegerVeReferansTipler\DegerVeReferansTipler.csproj", "{F4CB6A98-484A-49B9-9BBA-04E83126ACF9}"
EndProject
Project("{9A19103F-16F7-4668-BE54-9A1E7A4F7556}") = "Deneme", "Deneme\Deneme.csproj", "{D5963B9C-2F28-435D-BFB9-4E5B347630AF}"
EndProject
Project("{9A19103F-16F7-4668-BE54-9A1E7A4F7556}") = "OOP1", "OOP1\OOP1.csproj", "{ABBF310A-B9ED-4562-ACAC-28BAD10F9A9A}"
EndProject
Project("{9A19103F-16F7-4668-BE54-9A1E7A4F7556}") = "Koleksiyonlar", "Koleksiyonlar\Koleksiyonlar.csproj", "{B4F28826-9769-44AB-AA49-97AE1AFA0629}"
EndProject
Project("{9A19103F-16F7-4668-BE54-9A1E7A4F7556}") = "GenericsIntro", "GenericsIntro\GenericsIntro.csproj", "{45D7BCC8-0E77-4D3F-AAB6-7DCEB0636539}"
EndProject
Project("{FAE04EC0-301F-11D3-BF4B-00C04F79EFBC}") = "OOP2", "OOP2\OOP2.csproj", "{4290A13E-DD19-439C-A18B-95B7F9F8F3E6}"
EndProject
Project("{FAE04EC0-301F-11D3-BF4B-00C04F79EFBC}") = "OOP3", "OOP3\OOP3.csproj", "{72663D28-E93C-4AD7-A70A-CAC6D5F12D9E}"
EndProject
Global
	GlobalSection(SolutionConfigurationPlatforms) = preSolution
		Debug|Any CPU = Debug|Any CPU
		Release|Any CPU = Release|Any CPU
	EndGlobalSection
	GlobalSection(ProjectConfigurationPlatforms) = postSolution
		{F523DD8E-1DC7-402D-B44C-A05E262D97A3}.Debug|Any CPU.ActiveCfg = Debug|Any CPU
		{F523DD8E-1DC7-402D-B44C-A05E262D97A3}.Debug|Any CPU.Build.0 = Debug|Any CPU
		{F523DD8E-1DC7-402D-B44C-A05E262D97A3}.Release|Any CPU.ActiveCfg = Release|Any CPU
		{F523DD8E-1DC7-402D-B44C-A05E262D97A3}.Release|Any CPU.Build.0 = Release|Any CPU
		{0021047B-B6CB-45E1-BD74-5DD020C42061}.Debug|Any CPU.ActiveCfg = Debug|Any CPU
		{0021047B-B6CB-45E1-BD74-5DD020C42061}.Debug|Any CPU.Build.0 = Debug|Any CPU
		{0021047B-B6CB-45E1-BD74-5DD020C42061}.Release|Any CPU.ActiveCfg = Release|Any CPU
		{0021047B-B6CB-45E1-BD74-5DD020C42061}.Release|Any CPU.Build.0 = Release|Any CPU
		{635BE4A2-4A1E-41DC-A981-6C575736C49E}.Debug|Any CPU.ActiveCfg = Debug|Any CPU
		{635BE4A2-4A1E-41DC-A981-6C575736C49E}.Debug|Any CPU.Build.0 = Debug|Any CPU
		{635BE4A2-4A1E-41DC-A981-6C575736C49E}.Release|Any CPU.ActiveCfg = Release|Any CPU
		{635BE4A2-4A1E-41DC-A981-6C575736C49E}.Release|Any CPU.Build.0 = Release|Any CPU
		{748B97DC-BE28-4662-BDF4-19905CA94BFD}.Debug|Any CPU.ActiveCfg = Debug|Any CPU
		{748B97DC-BE28-4662-BDF4-19905CA94BFD}.Debug|Any CPU.Build.0 = Debug|Any CPU
		{748B97DC-BE28-4662-BDF4-19905CA94BFD}.Release|Any CPU.ActiveCfg = Release|Any CPU
		{748B97DC-BE28-4662-BDF4-19905CA94BFD}.Release|Any CPU.Build.0 = Release|Any CPU
		{3D049960-8A08-476F-9814-62667ACC1864}.Debug|Any CPU.ActiveCfg = Debug|Any CPU
		{3D049960-8A08-476F-9814-62667ACC1864}.Debug|Any CPU.Build.0 = Debug|Any CPU
		{3D049960-8A08-476F-9814-62667ACC1864}.Release|Any CPU.ActiveCfg = Release|Any CPU
		{3D049960-8A08-476F-9814-62667ACC1864}.Release|Any CPU.Build.0 = Release|Any CPU
		{F4CB6A98-484A-49B9-9BBA-04E83126ACF9}.Debug|Any CPU.ActiveCfg = Debug|Any CPU
		{F4CB6A98-484A-49B9-9BBA-04E83126ACF9}.Debug|Any CPU.Build.0 = Debug|Any CPU
		{F4CB6A98-484A-49B9-9BBA-04E83126ACF9}.Release|Any CPU.ActiveCfg = Release|Any CPU
		{F4CB6A98-484A-49B9-9BBA-04E83126ACF9}.Release|Any CPU.Build.0 = Release|Any CPU
		{D5963B9C-2F28-435D-BFB9-4E5B347630AF}.Debug|Any CPU.ActiveCfg = Debug|Any CPU
		{D5963B9C-2F28-435D-BFB9-4E5B347630AF}.Debug|Any CPU.Build.0 = Debug|Any CPU
		{D5963B9C-2F28-435D-BFB9-4E5B347630AF}.Release|Any CPU.ActiveCfg = Release|Any CPU
		{D5963B9C-2F28-435D-BFB9-4E5B347630AF}.Release|Any CPU.Build.0 = Release|Any CPU
		{ABBF310A-B9ED-4562-ACAC-28BAD10F9A9A}.Debug|Any CPU.ActiveCfg = Debug|Any CPU
		{ABBF310A-B9ED-4562-ACAC-28BAD10F9A9A}.Debug|Any CPU.Build.0 = Debug|Any CPU
		{ABBF310A-B9ED-4562-ACAC-28BAD10F9A9A}.Release|Any CPU.ActiveCfg = Release|Any CPU
		{ABBF310A-B9ED-4562-ACAC-28BAD10F9A9A}.Release|Any CPU.Build.0 = Release|Any CPU
		{B4F28826-9769-44AB-AA49-97AE1AFA0629}.Debug|Any CPU.ActiveCfg = Debug|Any CPU
		{B4F28826-9769-44AB-AA49-97AE1AFA0629}.Debug|Any CPU.Build.0 = Debug|Any CPU
		{B4F28826-9769-44AB-AA49-97AE1AFA0629}.Release|Any CPU.ActiveCfg = Release|Any CPU
		{B4F28826-9769-44AB-AA49-97AE1AFA0629}.Release|Any CPU.Build.0 = Release|Any CPU
		{45D7BCC8-0E77-4D3F-AAB6-7DCEB0636539}.Debug|Any CPU.ActiveCfg = Debug|Any CPU
		{45D7BCC8-0E77-4D3F-AAB6-7DCEB0636539}.Debug|Any CPU.Build.0 = Debug|Any CPU
		{45D7BCC8-0E77-4D3F-AAB6-7DCEB0636539}.Release|Any CPU.ActiveCfg = Release|Any CPU
		{45D7BCC8-0E77-4D3F-AAB6-7DCEB0636539}.Release|Any CPU.Build.0 = Release|Any CPU
		{4290A13E-DD19-439C-A18B-95B7F9F8F3E6}.Debug|Any CPU.ActiveCfg = Debug|Any CPU
		{4290A13E-DD19-439C-A18B-95B7F9F8F3E6}.Debug|Any CPU.Build.0 = Debug|Any CPU
		{4290A13E-DD19-439C-A18B-95B7F9F8F3E6}.Release|Any CPU.ActiveCfg = Release|Any CPU
		{4290A13E-DD19-439C-A18B-95B7F9F8F3E6}.Release|Any CPU.Build.0 = Release|Any CPU
		{72663D28-E93C-4AD7-A70A-CAC6D5F12D9E}.Debug|Any CPU.ActiveCfg = Debug|Any CPU
		{72663D28-E93C-4AD7-A70A-CAC6D5F12D9E}.Debug|Any CPU.Build.0 = Debug|Any CPU
		{72663D28-E93C-4AD7-A70A-CAC6D5F12D9E}.Release|Any CPU.ActiveCfg = Release|Any CPU
		{72663D28-E93C-4AD7-A70A-CAC6D5F12D9E}.Release|Any CPU.Build.0 = Release|Any CPU
	EndGlobalSection
	GlobalSection(SolutionProperties) = preSolution
		HideSolutionNode = FALSE
	EndGlobalSection
	GlobalSection(ExtensibilityGlobals) = postSolution
		SolutionGuid = {A3275569-FEFE-400E-8697-4B191896CAEB}
	EndGlobalSection
EndGlobal
